
Microsoft Visual Studio Solution File, Format Version 12.00
# Visual Studio Version 16
VisualStudioVersion = 16.0.30011.22
MinimumVisualStudioVersion = 10.0.40219.1
Project("{8BC9CEB8-8B4A-11D0-8D11-00A0C91BC942}") = "ThreeSixFive", "ThreeSixFive\ThreeSixFive.vcxproj", "{4D496021-89D0-4931-B2DD-D8E875A0C842}"
EndProject
Global
	GlobalSection(SolutionConfigurationPlatforms) = preSolution
		Debug|x64 = Debug|x64
		Debug|x86 = Debug|x86
		Release|x64 = Release|x64
		Release|x86 = Release|x86
	EndGlobalSection
	GlobalSection(ProjectConfigurationPlatforms) = postSolution
		{4D496021-89D0-4931-B2DD-D8E875A0C842}.Debug|x64.ActiveCfg = Debug|x64
		{4D496021-89D0-4931-B2DD-D8E875A0C842}.Debug|x64.Build.0 = Debug|x64
		{4D496021-89D0-4931-B2DD-D8E875A0C842}.Debug|x86.ActiveCfg = Debug|Win32
		{4D496021-89D0-4931-B2DD-D8E875A0C842}.Debug|x86.Build.0 = Debug|Win32
		{4D496021-89D0-4931-B2DD-D8E875A0C842}.Release|x64.ActiveCfg = Release|x64
		{4D496021-89D0-4931-B2DD-D8E875A0C842}.Release|x64.Build.0 = Release|x64
		{4D496021-89D0-4931-B2DD-D8E875A0C842}.Release|x86.ActiveCfg = Release|Win32
		{4D496021-89D0-4931-B2DD-D8E875A0C842}.Release|x86.Build.0 = Release|Win32
	EndGlobalSection
	GlobalSection(SolutionProperties) = preSolution
		HideSolutionNode = FALSE
	EndGlobalSection
	GlobalSection(ExtensibilityGlobals) = postSolution
		SolutionGuid = {C28678A4-4EE8-4150-AA61-74A4C85AFCD0}
	EndGlobalSection
EndGlobal
